// !$*UTF8*$!
{
	archiveVersion = 1;
	classes = {
	};
	objectVersion = 48;
	objects = {

/* Begin PBXBuildFile section */
		0BF31A3753B54EF37513D177 /* libPods-SocialUITests.a in Frameworks */ = {isa = PBXBuildFile; fileRef = A9CDEB967D59812AA70402F7 /* libPods-SocialUITests.a */; };
		670E57B6200B7A6500C6E593 /* AppDelegate.m in Sources */ = {isa = PBXBuildFile; fileRef = 670E57B5200B7A6500C6E593 /* AppDelegate.m */; };
		670E57BC200B7A6500C6E593 /* Main.storyboard in Resources */ = {isa = PBXBuildFile; fileRef = 670E57BA200B7A6500C6E593 /* Main.storyboard */; };
		670E57BE200B7A6500C6E593 /* Assets.xcassets in Resources */ = {isa = PBXBuildFile; fileRef = 670E57BD200B7A6500C6E593 /* Assets.xcassets */; };
		670E57C1200B7A6500C6E593 /* LaunchScreen.storyboard in Resources */ = {isa = PBXBuildFile; fileRef = 670E57BF200B7A6500C6E593 /* LaunchScreen.storyboard */; };
		670E57C4200B7A6500C6E593 /* main.m in Sources */ = {isa = PBXBuildFile; fileRef = 670E57C3200B7A6500C6E593 /* main.m */; };
		670E57CE200B7A6500C6E593 /* SocialTests.m in Sources */ = {isa = PBXBuildFile; fileRef = 670E57CD200B7A6500C6E593 /* SocialTests.m */; };
		670E57D9200B7A6500C6E593 /* SocialUITests.m in Sources */ = {isa = PBXBuildFile; fileRef = 670E57D8200B7A6500C6E593 /* SocialUITests.m */; };
		670E57EB200B7D8400C6E593 /* SCTabBarController.m in Sources */ = {isa = PBXBuildFile; fileRef = 670E57EA200B7D8400C6E593 /* SCTabBarController.m */; };
		670E57EF200C20C900C6E593 /* SCHomeViewController.m in Sources */ = {isa = PBXBuildFile; fileRef = 670E57ED200C20C900C6E593 /* SCHomeViewController.m */; };
		670E57F0200C20C900C6E593 /* SCHomeViewController.xib in Resources */ = {isa = PBXBuildFile; fileRef = 670E57EE200C20C900C6E593 /* SCHomeViewController.xib */; };
		670E57F3200C255900C6E593 /* SCPost.m in Sources */ = {isa = PBXBuildFile; fileRef = 670E57F2200C255900C6E593 /* SCPost.m */; };
		670E57F9200C25D400C6E593 /* SCHomeTableViewCell.m in Sources */ = {isa = PBXBuildFile; fileRef = 670E57F7200C25D400C6E593 /* SCHomeTableViewCell.m */; };
		670E57FA200C25D400C6E593 /* SCHomeTableViewCell.xib in Resources */ = {isa = PBXBuildFile; fileRef = 670E57F8200C25D400C6E593 /* SCHomeTableViewCell.xib */; };
		679BF5B5201D1CE700BD5F6B /* SCUser.m in Sources */ = {isa = PBXBuildFile; fileRef = 679BF5B4201D1CE700BD5F6B /* SCUser.m */; };
		679BF5BA201D1D7F00BD5F6B /* SCUserManager.m in Sources */ = {isa = PBXBuildFile; fileRef = 679BF5B9201D1D7F00BD5F6B /* SCUserManager.m */; };
		679BF5BE201D1E5400BD5F6B /* SCSignInViewController.m in Sources */ = {isa = PBXBuildFile; fileRef = 679BF5BC201D1E5400BD5F6B /* SCSignInViewController.m */; };
		679BF5BF201D1E5400BD5F6B /* SCSignInViewController.xib in Resources */ = {isa = PBXBuildFile; fileRef = 679BF5BD201D1E5400BD5F6B /* SCSignInViewController.xib */; };
		679BF5C2201D2B1100BD5F6B /* SCPostManager.m in Sources */ = {isa = PBXBuildFile; fileRef = 679BF5C1201D2B1100BD5F6B /* SCPostManager.m */; };
		679BF5C6201D2BBE00BD5F6B /* SCCreatePostViewController.m in Sources */ = {isa = PBXBuildFile; fileRef = 679BF5C4201D2BBE00BD5F6B /* SCCreatePostViewController.m */; };
		679BF5C7201D2BBE00BD5F6B /* SCCreatePostViewController.xib in Resources */ = {isa = PBXBuildFile; fileRef = 679BF5C5201D2BBE00BD5F6B /* SCCreatePostViewController.xib */; };
		679BF5CA201D3C3A00BD5F6B /* SCLocationManager.m in Sources */ = {isa = PBXBuildFile; fileRef = 679BF5C9201D3C3A00BD5F6B /* SCLocationManager.m */; };
		679BF5CE201D4C7200BD5F6B /* SCExploreViewController.m in Sources */ = {isa = PBXBuildFile; fileRef = 679BF5CC201D4C7200BD5F6B /* SCExploreViewController.m */; };
		679BF5CF201D4C7200BD5F6B /* SCExploreViewController.xib in Resources */ = {isa = PBXBuildFile; fileRef = 679BF5CD201D4C7200BD5F6B /* SCExploreViewController.xib */; };
		67CB123A201E86F600E1C3D0 /* SCPostDetailViewController.m in Sources */ = {isa = PBXBuildFile; fileRef = 67CB1238201E86F600E1C3D0 /* SCPostDetailViewController.m */; };
		67CB123B201E86F600E1C3D0 /* SCPostDetailViewController.xib in Resources */ = {isa = PBXBuildFile; fileRef = 67CB1239201E86F600E1C3D0 /* SCPostDetailViewController.xib */; };
		BEBA5C7189C53F32B0EE03C1 /* libPods-Social.a in Frameworks */ = {isa = PBXBuildFile; fileRef = 0618728298B1C4B7577871FC /* libPods-Social.a */; };
		E668D677EFFDF8D6074B4275 /* libPods-SocialTests.a in Frameworks */ = {isa = PBXBuildFile; fileRef = 0EA830FB8375818A14389778 /* libPods-SocialTests.a */; };
/* End PBXBuildFile section */

/* Begin PBXContainerItemProxy section */
		670E57CA200B7A6500C6E593 /* PBXContainerItemProxy */ = {
			isa = PBXContainerItemProxy;
			containerPortal = 670E57A9200B7A6500C6E593 /* Project object */;
			proxyType = 1;
			remoteGlobalIDString = 670E57B0200B7A6500C6E593;
			remoteInfo = Social;
		};
		670E57D5200B7A6500C6E593 /* PBXContainerItemProxy */ = {
			isa = PBXContainerItemProxy;
			containerPortal = 670E57A9200B7A6500C6E593 /* Project object */;
			proxyType = 1;
			remoteGlobalIDString = 670E57B0200B7A6500C6E593;
			remoteInfo = Social;
		};
/* End PBXContainerItemProxy section */

/* Begin PBXFileReference section */
		0618728298B1C4B7577871FC /* libPods-Social.a */ = {isa = PBXFileReference; explicitFileType = archive.ar; includeInIndex = 0; path = "libPods-Social.a"; sourceTree = BUILT_PRODUCTS_DIR; };
		0EA830FB8375818A14389778 /* libPods-SocialTests.a */ = {isa = PBXFileReference; explicitFileType = archive.ar; includeInIndex = 0; path = "libPods-SocialTests.a"; sourceTree = BUILT_PRODUCTS_DIR; };
		1F24EE3E3F6B9115282D552B /* Pods-SocialUITests.debug.xcconfig */ = {isa = PBXFileReference; includeInIndex = 1; lastKnownFileType = text.xcconfig; name = "Pods-SocialUITests.debug.xcconfig"; path = "Pods/Target Support Files/Pods-SocialUITests/Pods-SocialUITests.debug.xcconfig"; sourceTree = "<group>"; };
		2B5F3087F42811902866D2BD /* Pods-SocialTests.release.xcconfig */ = {isa = PBXFileReference; includeInIndex = 1; lastKnownFileType = text.xcconfig; name = "Pods-SocialTests.release.xcconfig"; path = "Pods/Target Support Files/Pods-SocialTests/Pods-SocialTests.release.xcconfig"; sourceTree = "<group>"; };
		493593D56EE93F92ADAE03A0 /* Pods-Social.debug.xcconfig */ = {isa = PBXFileReference; includeInIndex = 1; lastKnownFileType = text.xcconfig; name = "Pods-Social.debug.xcconfig"; path = "Pods/Target Support Files/Pods-Social/Pods-Social.debug.xcconfig"; sourceTree = "<group>"; };
		670E57B1200B7A6500C6E593 /* Social.app */ = {isa = PBXFileReference; explicitFileType = wrapper.application; includeInIndex = 0; path = Social.app; sourceTree = BUILT_PRODUCTS_DIR; };
		670E57B4200B7A6500C6E593 /* AppDelegate.h */ = {isa = PBXFileReference; lastKnownFileType = sourcecode.c.h; path = AppDelegate.h; sourceTree = "<group>"; };
		670E57B5200B7A6500C6E593 /* AppDelegate.m */ = {isa = PBXFileReference; lastKnownFileType = sourcecode.c.objc; path = AppDelegate.m; sourceTree = "<group>"; };
		670E57BB200B7A6500C6E593 /* Base */ = {isa = PBXFileReference; lastKnownFileType = file.storyboard; name = Base; path = Base.lproj/Main.storyboard; sourceTree = "<group>"; };
		670E57BD200B7A6500C6E593 /* Assets.xcassets */ = {isa = PBXFileReference; lastKnownFileType = folder.assetcatalog; path = Assets.xcassets; sourceTree = "<group>"; };
		670E57C0200B7A6500C6E593 /* Base */ = {isa = PBXFileReference; lastKnownFileType = file.storyboard; name = Base; path = Base.lproj/LaunchScreen.storyboard; sourceTree = "<group>"; };
		670E57C2200B7A6500C6E593 /* Info.plist */ = {isa = PBXFileReference; lastKnownFileType = text.plist.xml; path = Info.plist; sourceTree = "<group>"; };
		670E57C3200B7A6500C6E593 /* main.m */ = {isa = PBXFileReference; lastKnownFileType = sourcecode.c.objc; path = main.m; sourceTree = "<group>"; };
		670E57C9200B7A6500C6E593 /* SocialTests.xctest */ = {isa = PBXFileReference; explicitFileType = wrapper.cfbundle; includeInIndex = 0; path = SocialTests.xctest; sourceTree = BUILT_PRODUCTS_DIR; };
		670E57CD200B7A6500C6E593 /* SocialTests.m */ = {isa = PBXFileReference; lastKnownFileType = sourcecode.c.objc; path = SocialTests.m; sourceTree = "<group>"; };
		670E57CF200B7A6500C6E593 /* Info.plist */ = {isa = PBXFileReference; lastKnownFileType = text.plist.xml; path = Info.plist; sourceTree = "<group>"; };
		670E57D4200B7A6500C6E593 /* SocialUITests.xctest */ = {isa = PBXFileReference; explicitFileType = wrapper.cfbundle; includeInIndex = 0; path = SocialUITests.xctest; sourceTree = BUILT_PRODUCTS_DIR; };
		670E57D8200B7A6500C6E593 /* SocialUITests.m */ = {isa = PBXFileReference; lastKnownFileType = sourcecode.c.objc; path = SocialUITests.m; sourceTree = "<group>"; };
		670E57DA200B7A6500C6E593 /* Info.plist */ = {isa = PBXFileReference; lastKnownFileType = text.plist.xml; path = Info.plist; sourceTree = "<group>"; };
		670E57E9200B7D8400C6E593 /* SCTabBarController.h */ = {isa = PBXFileReference; lastKnownFileType = sourcecode.c.h; path = SCTabBarController.h; sourceTree = "<group>"; };
		670E57EA200B7D8400C6E593 /* SCTabBarController.m */ = {isa = PBXFileReference; lastKnownFileType = sourcecode.c.objc; path = SCTabBarController.m; sourceTree = "<group>"; };
		670E57EC200C20C900C6E593 /* SCHomeViewController.h */ = {isa = PBXFileReference; lastKnownFileType = sourcecode.c.h; path = SCHomeViewController.h; sourceTree = "<group>"; };
		670E57ED200C20C900C6E593 /* SCHomeViewController.m */ = {isa = PBXFileReference; lastKnownFileType = sourcecode.c.objc; path = SCHomeViewController.m; sourceTree = "<group>"; };
		670E57EE200C20C900C6E593 /* SCHomeViewController.xib */ = {isa = PBXFileReference; lastKnownFileType = file.xib; path = SCHomeViewController.xib; sourceTree = "<group>"; };
		670E57F1200C255900C6E593 /* SCPost.h */ = {isa = PBXFileReference; lastKnownFileType = sourcecode.c.h; path = SCPost.h; sourceTree = "<group>"; };
		670E57F2200C255900C6E593 /* SCPost.m */ = {isa = PBXFileReference; lastKnownFileType = sourcecode.c.objc; path = SCPost.m; sourceTree = "<group>"; };
		670E57F6200C25D400C6E593 /* SCHomeTableViewCell.h */ = {isa = PBXFileReference; lastKnownFileType = sourcecode.c.h; path = SCHomeTableViewCell.h; sourceTree = "<group>"; };
		670E57F7200C25D400C6E593 /* SCHomeTableViewCell.m */ = {isa = PBXFileReference; lastKnownFileType = sourcecode.c.objc; path = SCHomeTableViewCell.m; sourceTree = "<group>"; };
		670E57F8200C25D400C6E593 /* SCHomeTableViewCell.xib */ = {isa = PBXFileReference; lastKnownFileType = file.xib; path = SCHomeTableViewCell.xib; sourceTree = "<group>"; };
		679BF5B3201D1CE700BD5F6B /* SCUser.h */ = {isa = PBXFileReference; lastKnownFileType = sourcecode.c.h; path = SCUser.h; sourceTree = "<group>"; };
		679BF5B4201D1CE700BD5F6B /* SCUser.m */ = {isa = PBXFileReference; lastKnownFileType = sourcecode.c.objc; path = SCUser.m; sourceTree = "<group>"; };
		679BF5B8201D1D7F00BD5F6B /* SCUserManager.h */ = {isa = PBXFileReference; lastKnownFileType = sourcecode.c.h; path = SCUserManager.h; sourceTree = "<group>"; };
		679BF5B9201D1D7F00BD5F6B /* SCUserManager.m */ = {isa = PBXFileReference; lastKnownFileType = sourcecode.c.objc; path = SCUserManager.m; sourceTree = "<group>"; };
		679BF5BB201D1E5400BD5F6B /* SCSignInViewController.h */ = {isa = PBXFileReference; lastKnownFileType = sourcecode.c.h; path = SCSignInViewController.h; sourceTree = "<group>"; };
		679BF5BC201D1E5400BD5F6B /* SCSignInViewController.m */ = {isa = PBXFileReference; lastKnownFileType = sourcecode.c.objc; path = SCSignInViewController.m; sourceTree = "<group>"; };
		679BF5BD201D1E5400BD5F6B /* SCSignInViewController.xib */ = {isa = PBXFileReference; lastKnownFileType = file.xib; path = SCSignInViewController.xib; sourceTree = "<group>"; };
		679BF5C0201D2B1100BD5F6B /* SCPostManager.h */ = {isa = PBXFileReference; lastKnownFileType = sourcecode.c.h; path = SCPostManager.h; sourceTree = "<group>"; };
		679BF5C1201D2B1100BD5F6B /* SCPostManager.m */ = {isa = PBXFileReference; lastKnownFileType = sourcecode.c.objc; path = SCPostManager.m; sourceTree = "<group>"; };
		679BF5C3201D2BBE00BD5F6B /* SCCreatePostViewController.h */ = {isa = PBXFileReference; lastKnownFileType = sourcecode.c.h; path = SCCreatePostViewController.h; sourceTree = "<group>"; };
		679BF5C4201D2BBE00BD5F6B /* SCCreatePostViewController.m */ = {isa = PBXFileReference; lastKnownFileType = sourcecode.c.objc; path = SCCreatePostViewController.m; sourceTree = "<group>"; };
		679BF5C5201D2BBE00BD5F6B /* SCCreatePostViewController.xib */ = {isa = PBXFileReference; lastKnownFileType = file.xib; path = SCCreatePostViewController.xib; sourceTree = "<group>"; };
		679BF5C8201D3C3A00BD5F6B /* SCLocationManager.h */ = {isa = PBXFileReference; lastKnownFileType = sourcecode.c.h; path = SCLocationManager.h; sourceTree = "<group>"; };
		679BF5C9201D3C3A00BD5F6B /* SCLocationManager.m */ = {isa = PBXFileReference; lastKnownFileType = sourcecode.c.objc; path = SCLocationManager.m; sourceTree = "<group>"; };
		679BF5CB201D4C7200BD5F6B /* SCExploreViewController.h */ = {isa = PBXFileReference; lastKnownFileType = sourcecode.c.h; path = SCExploreViewController.h; sourceTree = "<group>"; };
		679BF5CC201D4C7200BD5F6B /* SCExploreViewController.m */ = {isa = PBXFileReference; lastKnownFileType = sourcecode.c.objc; path = SCExploreViewController.m; sourceTree = "<group>"; };
		679BF5CD201D4C7200BD5F6B /* SCExploreViewController.xib */ = {isa = PBXFileReference; lastKnownFileType = file.xib; path = SCExploreViewController.xib; sourceTree = "<group>"; };
		67CB1237201E86F600E1C3D0 /* SCPostDetailViewController.h */ = {isa = PBXFileReference; lastKnownFileType = sourcecode.c.h; path = SCPostDetailViewController.h; sourceTree = "<group>"; };
		67CB1238201E86F600E1C3D0 /* SCPostDetailViewController.m */ = {isa = PBXFileReference; lastKnownFileType = sourcecode.c.objc; path = SCPostDetailViewController.m; sourceTree = "<group>"; };
		67CB1239201E86F600E1C3D0 /* SCPostDetailViewController.xib */ = {isa = PBXFileReference; lastKnownFileType = file.xib; path = SCPostDetailViewController.xib; sourceTree = "<group>"; };
		9EAF8E31A3FBD450ECDBFC06 /* Pods-SocialTests.debug.xcconfig */ = {isa = PBXFileReference; includeInIndex = 1; lastKnownFileType = text.xcconfig; name = "Pods-SocialTests.debug.xcconfig"; path = "Pods/Target Support Files/Pods-SocialTests/Pods-SocialTests.debug.xcconfig"; sourceTree = "<group>"; };
		A9CDEB967D59812AA70402F7 /* libPods-SocialUITests.a */ = {isa = PBXFileReference; explicitFileType = archive.ar; includeInIndex = 0; path = "libPods-SocialUITests.a"; sourceTree = BUILT_PRODUCTS_DIR; };
		EAF62E881785751FF6FB371F /* Pods-SocialUITests.release.xcconfig */ = {isa = PBXFileReference; includeInIndex = 1; lastKnownFileType = text.xcconfig; name = "Pods-SocialUITests.release.xcconfig"; path = "Pods/Target Support Files/Pods-SocialUITests/Pods-SocialUITests.release.xcconfig"; sourceTree = "<group>"; };
		EBAB1306AFDA061EEAE7A97D /* Pods-Social.release.xcconfig */ = {isa = PBXFileReference; includeInIndex = 1; lastKnownFileType = text.xcconfig; name = "Pods-Social.release.xcconfig"; path = "Pods/Target Support Files/Pods-Social/Pods-Social.release.xcconfig"; sourceTree = "<group>"; };
/* End PBXFileReference section */

/* Begin PBXFrameworksBuildPhase section */
		670E57AE200B7A6500C6E593 /* Frameworks */ = {
			isa = PBXFrameworksBuildPhase;
			buildActionMask = 2147483647;
			files = (
				BEBA5C7189C53F32B0EE03C1 /* libPods-Social.a in Frameworks */,
			);
			runOnlyForDeploymentPostprocessing = 0;
		};
		670E57C6200B7A6500C6E593 /* Frameworks */ = {
			isa = PBXFrameworksBuildPhase;
			buildActionMask = 2147483647;
			files = (
				E668D677EFFDF8D6074B4275 /* libPods-SocialTests.a in Frameworks */,
			);
			runOnlyForDeploymentPostprocessing = 0;
		};
		670E57D1200B7A6500C6E593 /* Frameworks */ = {
			isa = PBXFrameworksBuildPhase;
			buildActionMask = 2147483647;
			files = (
				0BF31A3753B54EF37513D177 /* libPods-SocialUITests.a in Frameworks */,
			);
			runOnlyForDeploymentPostprocessing = 0;
		};
/* End PBXFrameworksBuildPhase section */

/* Begin PBXGroup section */
		670E57A8200B7A6500C6E593 = {
			isa = PBXGroup;
			children = (
				670E57B3200B7A6500C6E593 /* Social */,
				670E57CC200B7A6500C6E593 /* SocialTests */,
				670E57D7200B7A6500C6E593 /* SocialUITests */,
				670E57B2200B7A6500C6E593 /* Products */,
				9FD4F1762F3F0EB28D627488 /* Pods */,
				BB0F284663F80C8A1527C979 /* Frameworks */,
			);
			sourceTree = "<group>";
		};
		670E57B2200B7A6500C6E593 /* Products */ = {
			isa = PBXGroup;
			children = (
				670E57B1200B7A6500C6E593 /* Social.app */,
				670E57C9200B7A6500C6E593 /* SocialTests.xctest */,
				670E57D4200B7A6500C6E593 /* SocialUITests.xctest */,
			);
			name = Products;
			sourceTree = "<group>";
		};
		670E57B3200B7A6500C6E593 /* Social */ = {
			isa = PBXGroup;
			children = (
				679BF5B7201D1D6C00BD5F6B /* Manager */,
				670E57F5200C258D00C6E593 /* View */,
				670E57E8200B7CF200C6E593 /* ViewController */,
				670E57E6200B7CAC00C6E593 /* Model */,
				670E57B5200B7A6500C6E593 /* AppDelegate.m */,
				670E57B4200B7A6500C6E593 /* AppDelegate.h */,
				670E57BA200B7A6500C6E593 /* Main.storyboard */,
				670E57BD200B7A6500C6E593 /* Assets.xcassets */,
				670E57BF200B7A6500C6E593 /* LaunchScreen.storyboard */,
				670E57C2200B7A6500C6E593 /* Info.plist */,
				670E57C3200B7A6500C6E593 /* main.m */,
			);
			path = Social;
			sourceTree = "<group>";
		};
		670E57CC200B7A6500C6E593 /* SocialTests */ = {
			isa = PBXGroup;
			children = (
				670E57CD200B7A6500C6E593 /* SocialTests.m */,
				670E57CF200B7A6500C6E593 /* Info.plist */,
			);
			path = SocialTests;
			sourceTree = "<group>";
		};
		670E57D7200B7A6500C6E593 /* SocialUITests */ = {
			isa = PBXGroup;
			children = (
				670E57D8200B7A6500C6E593 /* SocialUITests.m */,
				670E57DA200B7A6500C6E593 /* Info.plist */,
			);
			path = SocialUITests;
			sourceTree = "<group>";
		};
		670E57E6200B7CAC00C6E593 /* Model */ = {
			isa = PBXGroup;
			children = (
				670E57F1200C255900C6E593 /* SCPost.h */,
				679BF5B3201D1CE700BD5F6B /* SCUser.h */,
				679BF5B4201D1CE700BD5F6B /* SCUser.m */,
				670E57F2200C255900C6E593 /* SCPost.m */,
			);
			path = Model;
			sourceTree = "<group>";
		};
		670E57E8200B7CF200C6E593 /* ViewController */ = {
			isa = PBXGroup;
			children = (
				670E57E9200B7D8400C6E593 /* SCTabBarController.h */,
				670E57EA200B7D8400C6E593 /* SCTabBarController.m */,
				670E57EC200C20C900C6E593 /* SCHomeViewController.h */,
				670E57ED200C20C900C6E593 /* SCHomeViewController.m */,
				670E57EE200C20C900C6E593 /* SCHomeViewController.xib */,
				679BF5BB201D1E5400BD5F6B /* SCSignInViewController.h */,
				679BF5BC201D1E5400BD5F6B /* SCSignInViewController.m */,
				679BF5BD201D1E5400BD5F6B /* SCSignInViewController.xib */,
				679BF5C3201D2BBE00BD5F6B /* SCCreatePostViewController.h */,
				679BF5C4201D2BBE00BD5F6B /* SCCreatePostViewController.m */,
				679BF5C5201D2BBE00BD5F6B /* SCCreatePostViewController.xib */,
				679BF5CB201D4C7200BD5F6B /* SCExploreViewController.h */,
				679BF5CC201D4C7200BD5F6B /* SCExploreViewController.m */,
				679BF5CD201D4C7200BD5F6B /* SCExploreViewController.xib */,
				67CB1237201E86F600E1C3D0 /* SCPostDetailViewController.h */,
				67CB1238201E86F600E1C3D0 /* SCPostDetailViewController.m */,
				67CB1239201E86F600E1C3D0 /* SCPostDetailViewController.xib */,
			);
			path = ViewController;
			sourceTree = "<group>";
		};
		670E57F5200C258D00C6E593 /* View */ = {
			isa = PBXGroup;
			children = (
				670E57F6200C25D400C6E593 /* SCHomeTableViewCell.h */,
				670E57F7200C25D400C6E593 /* SCHomeTableViewCell.m */,
				670E57F8200C25D400C6E593 /* SCHomeTableViewCell.xib */,
			);
			path = View;
			sourceTree = "<group>";
		};
		679BF5B7201D1D6C00BD5F6B /* Manager */ = {
			isa = PBXGroup;
			children = (
				679BF5B8201D1D7F00BD5F6B /* SCUserManager.h */,
				679BF5C0201D2B1100BD5F6B /* SCPostManager.h */,
				679BF5C1201D2B1100BD5F6B /* SCPostManager.m */,
				679BF5B9201D1D7F00BD5F6B /* SCUserManager.m */,
				679BF5C8201D3C3A00BD5F6B /* SCLocationManager.h */,
				679BF5C9201D3C3A00BD5F6B /* SCLocationManager.m */,
			);
			path = Manager;
			sourceTree = "<group>";
		};
		9FD4F1762F3F0EB28D627488 /* Pods */ = {
			isa = PBXGroup;
			children = (
				493593D56EE93F92ADAE03A0 /* Pods-Social.debug.xcconfig */,
				EBAB1306AFDA061EEAE7A97D /* Pods-Social.release.xcconfig */,
				9EAF8E31A3FBD450ECDBFC06 /* Pods-SocialTests.debug.xcconfig */,
				2B5F3087F42811902866D2BD /* Pods-SocialTests.release.xcconfig */,
				1F24EE3E3F6B9115282D552B /* Pods-SocialUITests.debug.xcconfig */,
				EAF62E881785751FF6FB371F /* Pods-SocialUITests.release.xcconfig */,
			);
			name = Pods;
			sourceTree = "<group>";
		};
		BB0F284663F80C8A1527C979 /* Frameworks */ = {
			isa = PBXGroup;
			children = (
				0618728298B1C4B7577871FC /* libPods-Social.a */,
				0EA830FB8375818A14389778 /* libPods-SocialTests.a */,
				A9CDEB967D59812AA70402F7 /* libPods-SocialUITests.a */,
			);
			name = Frameworks;
			sourceTree = "<group>";
		};
/* End PBXGroup section */

/* Begin PBXNativeTarget section */
		670E57B0200B7A6500C6E593 /* Social */ = {
			isa = PBXNativeTarget;
			buildConfigurationList = 670E57DD200B7A6500C6E593 /* Build configuration list for PBXNativeTarget "Social" */;
			buildPhases = (
				6525D73424F647F5C17F7B7A /* [CP] Check Pods Manifest.lock */,
				670E57AD200B7A6500C6E593 /* Sources */,
				670E57AE200B7A6500C6E593 /* Frameworks */,
				670E57AF200B7A6500C6E593 /* Resources */,
				0332372A10DB9A15BC715CA3 /* [CP] Embed Pods Frameworks */,
				A741573E93A585DAF5EF9A3B /* [CP] Copy Pods Resources */,
			);
			buildRules = (
			);
			dependencies = (
			);
			name = Social;
			productName = Social;
			productReference = 670E57B1200B7A6500C6E593 /* Social.app */;
			productType = "com.apple.product-type.application";
		};
		670E57C8200B7A6500C6E593 /* SocialTests */ = {
			isa = PBXNativeTarget;
			buildConfigurationList = 670E57E0200B7A6500C6E593 /* Build configuration list for PBXNativeTarget "SocialTests" */;
			buildPhases = (
				83CCDA12C9ABA493932ED808 /* [CP] Check Pods Manifest.lock */,
				670E57C5200B7A6500C6E593 /* Sources */,
				670E57C6200B7A6500C6E593 /* Frameworks */,
				670E57C7200B7A6500C6E593 /* Resources */,
				70CA29D611B88BE3C40E5365 /* [CP] Embed Pods Frameworks */,
				E6324588B98E3F9622EA2CB6 /* [CP] Copy Pods Resources */,
			);
			buildRules = (
			);
			dependencies = (
				670E57CB200B7A6500C6E593 /* PBXTargetDependency */,
			);
			name = SocialTests;
			productName = SocialTests;
			productReference = 670E57C9200B7A6500C6E593 /* SocialTests.xctest */;
			productType = "com.apple.product-type.bundle.unit-test";
		};
		670E57D3200B7A6500C6E593 /* SocialUITests */ = {
			isa = PBXNativeTarget;
			buildConfigurationList = 670E57E3200B7A6500C6E593 /* Build configuration list for PBXNativeTarget "SocialUITests" */;
			buildPhases = (
				AC9D5502BA469775F0052793 /* [CP] Check Pods Manifest.lock */,
				670E57D0200B7A6500C6E593 /* Sources */,
				670E57D1200B7A6500C6E593 /* Frameworks */,
				670E57D2200B7A6500C6E593 /* Resources */,
				3307441A7B784F4B47D579B9 /* [CP] Embed Pods Frameworks */,
				D314869BB07E053450E85E66 /* [CP] Copy Pods Resources */,
			);
			buildRules = (
			);
			dependencies = (
				670E57D6200B7A6500C6E593 /* PBXTargetDependency */,
			);
			name = SocialUITests;
			productName = SocialUITests;
			productReference = 670E57D4200B7A6500C6E593 /* SocialUITests.xctest */;
			productType = "com.apple.product-type.bundle.ui-testing";
		};
/* End PBXNativeTarget section */

/* Begin PBXProject section */
		670E57A9200B7A6500C6E593 /* Project object */ = {
			isa = PBXProject;
			attributes = {
				LastUpgradeCheck = 0920;
				ORGANIZATIONNAME = "Fangying Zhang";
				TargetAttributes = {
					670E57B0200B7A6500C6E593 = {
						CreatedOnToolsVersion = 9.2;
						ProvisioningStyle = Automatic;
					};
					670E57C8200B7A6500C6E593 = {
						CreatedOnToolsVersion = 9.2;
						ProvisioningStyle = Automatic;
						TestTargetID = 670E57B0200B7A6500C6E593;
					};
					670E57D3200B7A6500C6E593 = {
						CreatedOnToolsVersion = 9.2;
						ProvisioningStyle = Automatic;
						TestTargetID = 670E57B0200B7A6500C6E593;
					};
				};
			};
			buildConfigurationList = 670E57AC200B7A6500C6E593 /* Build configuration list for PBXProject "Social" */;
			compatibilityVersion = "Xcode 8.0";
			developmentRegion = en;
			hasScannedForEncodings = 0;
			knownRegions = (
				en,
				Base,
			);
			mainGroup = 670E57A8200B7A6500C6E593;
			productRefGroup = 670E57B2200B7A6500C6E593 /* Products */;
			projectDirPath = "";
			projectRoot = "";
			targets = (
				670E57B0200B7A6500C6E593 /* Social */,
				670E57C8200B7A6500C6E593 /* SocialTests */,
				670E57D3200B7A6500C6E593 /* SocialUITests */,
			);
		};
/* End PBXProject section */

/* Begin PBXResourcesBuildPhase section */
		670E57AF200B7A6500C6E593 /* Resources */ = {
			isa = PBXResourcesBuildPhase;
			buildActionMask = 2147483647;
			files = (
				670E57FA200C25D400C6E593 /* SCHomeTableViewCell.xib in Resources */,
				670E57C1200B7A6500C6E593 /* LaunchScreen.storyboard in Resources */,
				679BF5CF201D4C7200BD5F6B /* SCExploreViewController.xib in Resources */,
				670E57BE200B7A6500C6E593 /* Assets.xcassets in Resources */,
				67CB123B201E86F600E1C3D0 /* SCPostDetailViewController.xib in Resources */,
				679BF5C7201D2BBE00BD5F6B /* SCCreatePostViewController.xib in Resources */,
				670E57BC200B7A6500C6E593 /* Main.storyboard in Resources */,
				679BF5BF201D1E5400BD5F6B /* SCSignInViewController.xib in Resources */,
				670E57F0200C20C900C6E593 /* SCHomeViewController.xib in Resources */,
			);
			runOnlyForDeploymentPostprocessing = 0;
		};
		670E57C7200B7A6500C6E593 /* Resources */ = {
			isa = PBXResourcesBuildPhase;
			buildActionMask = 2147483647;
			files = (
			);
			runOnlyForDeploymentPostprocessing = 0;
		};
		670E57D2200B7A6500C6E593 /* Resources */ = {
			isa = PBXResourcesBuildPhase;
			buildActionMask = 2147483647;
			files = (
			);
			runOnlyForDeploymentPostprocessing = 0;
		};
/* End PBXResourcesBuildPhase section */

/* Begin PBXShellScriptBuildPhase section */
		0332372A10DB9A15BC715CA3 /* [CP] Embed Pods Frameworks */ = {
			isa = PBXShellScriptBuildPhase;
			buildActionMask = 2147483647;
			files = (
			);
			inputPaths = (
			);
			name = "[CP] Embed Pods Frameworks";
			outputPaths = (
			);
			runOnlyForDeploymentPostprocessing = 0;
			shellPath = /bin/sh;
			shellScript = "\"${SRCROOT}/Pods/Target Support Files/Pods-Social/Pods-Social-frameworks.sh\"\n";
			showEnvVarsInLog = 0;
		};
		3307441A7B784F4B47D579B9 /* [CP] Embed Pods Frameworks */ = {
			isa = PBXShellScriptBuildPhase;
			buildActionMask = 2147483647;
			files = (
			);
			inputPaths = (
			);
			name = "[CP] Embed Pods Frameworks";
			outputPaths = (
			);
			runOnlyForDeploymentPostprocessing = 0;
			shellPath = /bin/sh;
			shellScript = "\"${SRCROOT}/Pods/Target Support Files/Pods-SocialUITests/Pods-SocialUITests-frameworks.sh\"\n";
			showEnvVarsInLog = 0;
		};
		6525D73424F647F5C17F7B7A /* [CP] Check Pods Manifest.lock */ = {
			isa = PBXShellScriptBuildPhase;
			buildActionMask = 2147483647;
			files = (
			);
			inputPaths = (
				"${PODS_PODFILE_DIR_PATH}/Podfile.lock",
				"${PODS_ROOT}/Manifest.lock",
			);
			name = "[CP] Check Pods Manifest.lock";
			outputPaths = (
				"$(DERIVED_FILE_DIR)/Pods-Social-checkManifestLockResult.txt",
			);
			runOnlyForDeploymentPostprocessing = 0;
			shellPath = /bin/sh;
			shellScript = "diff \"${PODS_PODFILE_DIR_PATH}/Podfile.lock\" \"${PODS_ROOT}/Manifest.lock\" > /dev/null\nif [ $? != 0 ] ; then\n    # print error to STDERR\n    echo \"error: The sandbox is not in sync with the Podfile.lock. Run 'pod install' or update your CocoaPods installation.\" >&2\n    exit 1\nfi\n# This output is used by Xcode 'outputs' to avoid re-running this script phase.\necho \"SUCCESS\" > \"${SCRIPT_OUTPUT_FILE_0}\"\n";
			showEnvVarsInLog = 0;
		};
		70CA29D611B88BE3C40E5365 /* [CP] Embed Pods Frameworks */ = {
			isa = PBXShellScriptBuildPhase;
			buildActionMask = 2147483647;
			files = (
			);
			inputPaths = (
			);
			name = "[CP] Embed Pods Frameworks";
			outputPaths = (
			);
			runOnlyForDeploymentPostprocessing = 0;
			shellPath = /bin/sh;
			shellScript = "\"${SRCROOT}/Pods/Target Support Files/Pods-SocialTests/Pods-SocialTests-frameworks.sh\"\n";
			showEnvVarsInLog = 0;
		};
		83CCDA12C9ABA493932ED808 /* [CP] Check Pods Manifest.lock */ = {
			isa = PBXShellScriptBuildPhase;
			buildActionMask = 2147483647;
			files = (
			);
			inputPaths = (
				"${PODS_PODFILE_DIR_PATH}/Podfile.lock",
				"${PODS_ROOT}/Manifest.lock",
			);
			name = "[CP] Check Pods Manifest.lock";
			outputPaths = (
				"$(DERIVED_FILE_DIR)/Pods-SocialTests-checkManifestLockResult.txt",
			);
			runOnlyForDeploymentPostprocessing = 0;
			shellPath = /bin/sh;
			shellScript = "diff \"${PODS_PODFILE_DIR_PATH}/Podfile.lock\" \"${PODS_ROOT}/Manifest.lock\" > /dev/null\nif [ $? != 0 ] ; then\n    # print error to STDERR\n    echo \"error: The sandbox is not in sync with the Podfile.lock. Run 'pod install' or update your CocoaPods installation.\" >&2\n    exit 1\nfi\n# This output is used by Xcode 'outputs' to avoid re-running this script phase.\necho \"SUCCESS\" > \"${SCRIPT_OUTPUT_FILE_0}\"\n";
			showEnvVarsInLog = 0;
		};
		A741573E93A585DAF5EF9A3B /* [CP] Copy Pods Resources */ = {
			isa = PBXShellScriptBuildPhase;
			buildActionMask = 2147483647;
			files = (
			);
			inputPaths = (
			);
			name = "[CP] Copy Pods Resources";
			outputPaths = (
			);
			runOnlyForDeploymentPostprocessing = 0;
			shellPath = /bin/sh;
			shellScript = "\"${SRCROOT}/Pods/Target Support Files/Pods-Social/Pods-Social-resources.sh\"\n";
			showEnvVarsInLog = 0;
		};
		AC9D5502BA469775F0052793 /* [CP] Check Pods Manifest.lock */ = {
			isa = PBXShellScriptBuildPhase;
			buildActionMask = 2147483647;
			files = (
			);
			inputPaths = (
				"${PODS_PODFILE_DIR_PATH}/Podfile.lock",
				"${PODS_ROOT}/Manifest.lock",
			);
			name = "[CP] Check Pods Manifest.lock";
			outputPaths = (
				"$(DERIVED_FILE_DIR)/Pods-SocialUITests-checkManifestLockResult.txt",
			);
			runOnlyForDeploymentPostprocessing = 0;
			shellPath = /bin/sh;
			shellScript = "diff \"${PODS_PODFILE_DIR_PATH}/Podfile.lock\" \"${PODS_ROOT}/Manifest.lock\" > /dev/null\nif [ $? != 0 ] ; then\n    # print error to STDERR\n    echo \"error: The sandbox is not in sync with the Podfile.lock. Run 'pod install' or update your CocoaPods installation.\" >&2\n    exit 1\nfi\n# This output is used by Xcode 'outputs' to avoid re-running this script phase.\necho \"SUCCESS\" > \"${SCRIPT_OUTPUT_FILE_0}\"\n";
			showEnvVarsInLog = 0;
		};
		D314869BB07E053450E85E66 /* [CP] Copy Pods Resources */ = {
			isa = PBXShellScriptBuildPhase;
			buildActionMask = 2147483647;
			files = (
			);
			inputPaths = (
			);
			name = "[CP] Copy Pods Resources";
			outputPaths = (
			);
			runOnlyForDeploymentPostprocessing = 0;
			shellPath = /bin/sh;
			shellScript = "\"${SRCROOT}/Pods/Target Support Files/Pods-SocialUITests/Pods-SocialUITests-resources.sh\"\n";
			showEnvVarsInLog = 0;
		};
		E6324588B98E3F9622EA2CB6 /* [CP] Copy Pods Resources */ = {
			isa = PBXShellScriptBuildPhase;
			buildActionMask = 2147483647;
			files = (
			);
			inputPaths = (
			);
			name = "[CP] Copy Pods Resources";
			outputPaths = (
			);
			runOnlyForDeploymentPostprocessing = 0;
			shellPath = /bin/sh;
			shellScript = "\"${SRCROOT}/Pods/Target Support Files/Pods-SocialTests/Pods-SocialTests-resources.sh\"\n";
			showEnvVarsInLog = 0;
		};
/* End PBXShellScriptBuildPhase section */

/* Begin PBXSourcesBuildPhase section */
		670E57AD200B7A6500C6E593 /* Sources */ = {
			isa = PBXSourcesBuildPhase;
			buildActionMask = 2147483647;
			files = (
				670E57EB200B7D8400C6E593 /* SCTabBarController.m in Sources */,
				679BF5BE201D1E5400BD5F6B /* SCSignInViewController.m in Sources */,
				670E57EF200C20C900C6E593 /* SCHomeViewController.m in Sources */,
				679BF5BA201D1D7F00BD5F6B /* SCUserManager.m in Sources */,
				679BF5CA201D3C3A00BD5F6B /* SCLocationManager.m in Sources */,
				670E57C4200B7A6500C6E593 /* main.m in Sources */,
				679BF5C6201D2BBE00BD5F6B /* SCCreatePostViewController.m in Sources */,
				679BF5C2201D2B1100BD5F6B /* SCPostManager.m in Sources */,
				670E57B6200B7A6500C6E593 /* AppDelegate.m in Sources */,
				679BF5B5201D1CE700BD5F6B /* SCUser.m in Sources */,
				670E57F9200C25D400C6E593 /* SCHomeTableViewCell.m in Sources */,
				670E57F3200C255900C6E593 /* SCPost.m in Sources */,
				679BF5CE201D4C7200BD5F6B /* SCExploreViewController.m in Sources */,
				67CB123A201E86F600E1C3D0 /* SCPostDetailViewController.m in Sources */,
			);
			runOnlyForDeploymentPostprocessing = 0;
		};
		670E57C5200B7A6500C6E593 /* Sources */ = {
			isa = PBXSourcesBuildPhase;
			buildActionMask = 2147483647;
			files = (
				670E57CE200B7A6500C6E593 /* SocialTests.m in Sources */,
			);
			runOnlyForDeploymentPostprocessing = 0;
		};
		670E57D0200B7A6500C6E593 /* Sources */ = {
			isa = PBXSourcesBuildPhase;
			buildActionMask = 2147483647;
			files = (
				670E57D9200B7A6500C6E593 /* SocialUITests.m in Sources */,
			);
			runOnlyForDeploymentPostprocessing = 0;
		};
/* End PBXSourcesBuildPhase section */

/* Begin PBXTargetDependency section */
		670E57CB200B7A6500C6E593 /* PBXTargetDependency */ = {
			isa = PBXTargetDependency;
			target = 670E57B0200B7A6500C6E593 /* Social */;
			targetProxy = 670E57CA200B7A6500C6E593 /* PBXContainerItemProxy */;
		};
		670E57D6200B7A6500C6E593 /* PBXTargetDependency */ = {
			isa = PBXTargetDependency;
			target = 670E57B0200B7A6500C6E593 /* Social */;
			targetProxy = 670E57D5200B7A6500C6E593 /* PBXContainerItemProxy */;
		};
/* End PBXTargetDependency section */

/* Begin PBXVariantGroup section */
		670E57BA200B7A6500C6E593 /* Main.storyboard */ = {
			isa = PBXVariantGroup;
			children = (
				670E57BB200B7A6500C6E593 /* Base */,
			);
			name = Main.storyboard;
			sourceTree = "<group>";
		};
		670E57BF200B7A6500C6E593 /* LaunchScreen.storyboard */ = {
			isa = PBXVariantGroup;
			children = (
				670E57C0200B7A6500C6E593 /* Base */,
			);
			name = LaunchScreen.storyboard;
			sourceTree = "<group>";
		};
/* End PBXVariantGroup section */

/* Begin XCBuildConfiguration section */
		670E57DB200B7A6500C6E593 /* Debug */ = {
			isa = XCBuildConfiguration;
			buildSettings = {
				ALWAYS_SEARCH_USER_PATHS = NO;
				CLANG_ANALYZER_NONNULL = YES;
				CLANG_ANALYZER_NUMBER_OBJECT_CONVERSION = YES_AGGRESSIVE;
				CLANG_CXX_LANGUAGE_STANDARD = "gnu++14";
				CLANG_CXX_LIBRARY = "libc++";
				CLANG_ENABLE_MODULES = YES;
				CLANG_ENABLE_OBJC_ARC = YES;
				CLANG_WARN_BLOCK_CAPTURE_AUTORELEASING = YES;
				CLANG_WARN_BOOL_CONVERSION = YES;
				CLANG_WARN_COMMA = YES;
				CLANG_WARN_CONSTANT_CONVERSION = YES;
				CLANG_WARN_DIRECT_OBJC_ISA_USAGE = YES_ERROR;
				CLANG_WARN_DOCUMENTATION_COMMENTS = YES;
				CLANG_WARN_EMPTY_BODY = YES;
				CLANG_WARN_ENUM_CONVERSION = YES;
				CLANG_WARN_INFINITE_RECURSION = YES;
				CLANG_WARN_INT_CONVERSION = YES;
				CLANG_WARN_NON_LITERAL_NULL_CONVERSION = YES;
				CLANG_WARN_OBJC_LITERAL_CONVERSION = YES;
				CLANG_WARN_OBJC_ROOT_CLASS = YES_ERROR;
				CLANG_WARN_RANGE_LOOP_ANALYSIS = YES;
				CLANG_WARN_STRICT_PROTOTYPES = YES;
				CLANG_WARN_SUSPICIOUS_MOVE = YES;
				CLANG_WARN_UNGUARDED_AVAILABILITY = YES_AGGRESSIVE;
				CLANG_WARN_UNREACHABLE_CODE = YES;
				CLANG_WARN__DUPLICATE_METHOD_MATCH = YES;
				CODE_SIGN_IDENTITY = "iPhone Developer";
				COPY_PHASE_STRIP = NO;
				DEBUG_INFORMATION_FORMAT = dwarf;
				ENABLE_STRICT_OBJC_MSGSEND = YES;
				ENABLE_TESTABILITY = YES;
				GCC_C_LANGUAGE_STANDARD = gnu11;
				GCC_DYNAMIC_NO_PIC = NO;
				GCC_NO_COMMON_BLOCKS = YES;
				GCC_OPTIMIZATION_LEVEL = 0;
				GCC_PREPROCESSOR_DEFINITIONS = (
					"DEBUG=1",
					"$(inherited)",
				);
				GCC_WARN_64_TO_32_BIT_CONVERSION = YES;
				GCC_WARN_ABOUT_RETURN_TYPE = YES_ERROR;
				GCC_WARN_UNDECLARED_SELECTOR = YES;
				GCC_WARN_UNINITIALIZED_AUTOS = YES_AGGRESSIVE;
				GCC_WARN_UNUSED_FUNCTION = YES;
				GCC_WARN_UNUSED_VARIABLE = YES;
				IPHONEOS_DEPLOYMENT_TARGET = 11.2;
				MTL_ENABLE_DEBUG_INFO = YES;
				ONLY_ACTIVE_ARCH = YES;
				SDKROOT = iphoneos;
			};
			name = Debug;
		};
		670E57DC200B7A6500C6E593 /* Release */ = {
			isa = XCBuildConfiguration;
			buildSettings = {
				ALWAYS_SEARCH_USER_PATHS = NO;
				CLANG_ANALYZER_NONNULL = YES;
				CLANG_ANALYZER_NUMBER_OBJECT_CONVERSION = YES_AGGRESSIVE;
				CLANG_CXX_LANGUAGE_STANDARD = "gnu++14";
				CLANG_CXX_LIBRARY = "libc++";
				CLANG_ENABLE_MODULES = YES;
				CLANG_ENABLE_OBJC_ARC = YES;
				CLANG_WARN_BLOCK_CAPTURE_AUTORELEASING = YES;
				CLANG_WARN_BOOL_CONVERSION = YES;
				CLANG_WARN_COMMA = YES;
				CLANG_WARN_CONSTANT_CONVERSION = YES;
				CLANG_WARN_DIRECT_OBJC_ISA_USAGE = YES_ERROR;
				CLANG_WARN_DOCUMENTATION_COMMENTS = YES;
				CLANG_WARN_EMPTY_BODY = YES;
				CLANG_WARN_ENUM_CONVERSION = YES;
				CLANG_WARN_INFINITE_RECURSION = YES;
				CLANG_WARN_INT_CONVERSION = YES;
				CLANG_WARN_NON_LITERAL_NULL_CONVERSION = YES;
				CLANG_WARN_OBJC_LITERAL_CONVERSION = YES;
				CLANG_WARN_OBJC_ROOT_CLASS = YES_ERROR;
				CLANG_WARN_RANGE_LOOP_ANALYSIS = YES;
				CLANG_WARN_STRICT_PROTOTYPES = YES;
				CLANG_WARN_SUSPICIOUS_MOVE = YES;
				CLANG_WARN_UNGUARDED_AVAILABILITY = YES_AGGRESSIVE;
				CLANG_WARN_UNREACHABLE_CODE = YES;
				CLANG_WARN__DUPLICATE_METHOD_MATCH = YES;
				CODE_SIGN_IDENTITY = "iPhone Developer";
				COPY_PHASE_STRIP = NO;
				DEBUG_INFORMATION_FORMAT = "dwarf-with-dsym";
				ENABLE_NS_ASSERTIONS = NO;
				ENABLE_STRICT_OBJC_MSGSEND = YES;
				GCC_C_LANGUAGE_STANDARD = gnu11;
				GCC_NO_COMMON_BLOCKS = YES;
				GCC_WARN_64_TO_32_BIT_CONVERSION = YES;
				GCC_WARN_ABOUT_RETURN_TYPE = YES_ERROR;
				GCC_WARN_UNDECLARED_SELECTOR = YES;
				GCC_WARN_UNINITIALIZED_AUTOS = YES_AGGRESSIVE;
				GCC_WARN_UNUSED_FUNCTION = YES;
				GCC_WARN_UNUSED_VARIABLE = YES;
				IPHONEOS_DEPLOYMENT_TARGET = 11.2;
				MTL_ENABLE_DEBUG_INFO = NO;
				SDKROOT = iphoneos;
				VALIDATE_PRODUCT = YES;
			};
			name = Release;
		};
		670E57DE200B7A6500C6E593 /* Debug */ = {
			isa = XCBuildConfiguration;
			baseConfigurationReference = 493593D56EE93F92ADAE03A0 /* Pods-Social.debug.xcconfig */;
			buildSettings = {
				ASSETCATALOG_COMPILER_APPICON_NAME = AppIcon;
				CODE_SIGN_STYLE = Automatic;
				INFOPLIST_FILE = Social/Info.plist;
				LD_RUNPATH_SEARCH_PATHS = "$(inherited) @executable_path/Frameworks";
				PRODUCT_BUNDLE_IDENTIFIER = com.faye.Social;
				PRODUCT_NAME = "$(TARGET_NAME)";
				TARGETED_DEVICE_FAMILY = "1,2";
			};
			name = Debug;
		};
		670E57DF200B7A6500C6E593 /* Release */ = {
			isa = XCBuildConfiguration;
			baseConfigurationReference = EBAB1306AFDA061EEAE7A97D /* Pods-Social.release.xcconfig */;
			buildSettings = {
				ASSETCATALOG_COMPILER_APPICON_NAME = AppIcon;
				CODE_SIGN_STYLE = Automatic;
				INFOPLIST_FILE = Social/Info.plist;
				LD_RUNPATH_SEARCH_PATHS = "$(inherited) @executable_path/Frameworks";
				PRODUCT_BUNDLE_IDENTIFIER = com.faye.Social;
				PRODUCT_NAME = "$(TARGET_NAME)";
				TARGETED_DEVICE_FAMILY = "1,2";
			};
			name = Release;
		};
		670E57E1200B7A6500C6E593 /* Debug */ = {
			isa = XCBuildConfiguration;
			baseConfigurationReference = 9EAF8E31A3FBD450ECDBFC06 /* Pods-SocialTests.debug.xcconfig */;
			buildSettings = {
				BUNDLE_LOADER = "$(TEST_HOST)";
				CODE_SIGN_STYLE = Automatic;
				INFOPLIST_FILE = SocialTests/Info.plist;
				LD_RUNPATH_SEARCH_PATHS = "$(inherited) @executable_path/Frameworks @loader_path/Frameworks";
				PRODUCT_BUNDLE_IDENTIFIER = com.faye.SocialTests;
				PRODUCT_NAME = "$(TARGET_NAME)";
				TARGETED_DEVICE_FAMILY = "1,2";
				TEST_HOST = "$(BUILT_PRODUCTS_DIR)/Social.app/Social";
			};
			name = Debug;
		};
		670E57E2200B7A6500C6E593 /* Release */ = {
			isa = XCBuildConfiguration;
			baseConfigurationReference = 2B5F3087F42811902866D2BD /* Pods-SocialTests.release.xcconfig */;
			buildSettings = {
				BUNDLE_LOADER = "$(TEST_HOST)";
				CODE_SIGN_STYLE = Automatic;
				INFOPLIST_FILE = SocialTests/Info.plist;
				LD_RUNPATH_SEARCH_PATHS = "$(inherited) @executable_path/Frameworks @loader_path/Frameworks";
				PRODUCT_BUNDLE_IDENTIFIER = com.faye.SocialTests;
				PRODUCT_NAME = "$(TARGET_NAME)";
				TARGETED_DEVICE_FAMILY = "1,2";
				TEST_HOST = "$(BUILT_PRODUCTS_DIR)/Social.app/Social";
			};
			name = Release;
		};
		670E57E4200B7A6500C6E593 /* Debug */ = {
			isa = XCBuildConfiguration;
			baseConfigurationReference = 1F24EE3E3F6B9115282D552B /* Pods-SocialUITests.debug.xcconfig */;
			buildSettings = {
				CODE_SIGN_STYLE = Automatic;
				INFOPLIST_FILE = SocialUITests/Info.plist;
				LD_RUNPATH_SEARCH_PATHS = "$(inherited) @executable_path/Frameworks @loader_path/Frameworks";
				PRODUCT_BUNDLE_IDENTIFIER = com.faye.SocialUITests;
				PRODUCT_NAME = "$(TARGET_NAME)";
				TARGETED_DEVICE_FAMILY = "1,2";
				TEST_TARGET_NAME = Social;
			};
			name = Debug;
		};
		670E57E5200B7A6500C6E593 /* Release */ = {
			isa = XCBuildConfiguration;
			baseConfigurationReference = EAF62E881785751FF6FB371F /* Pods-SocialUITests.release.xcconfig */;
			buildSettings = {
				CODE_SIGN_STYLE = Automatic;
				INFOPLIST_FILE = SocialUITests/Info.plist;
				LD_RUNPATH_SEARCH_PATHS = "$(inherited) @executable_path/Frameworks @loader_path/Frameworks";
				PRODUCT_BUNDLE_IDENTIFIER = com.faye.SocialUITests;
				PRODUCT_NAME = "$(TARGET_NAME)";
				TARGETED_DEVICE_FAMILY = "1,2";
				TEST_TARGET_NAME = Social;
			};
			name = Release;
		};
/* End XCBuildConfiguration section */

/* Begin XCConfigurationList section */
		670E57AC200B7A6500C6E593 /* Build configuration list for PBXProject "Social" */ = {
			isa = XCConfigurationList;
			buildConfigurations = (
				670E57DB200B7A6500C6E593 /* Debug */,
				670E57DC200B7A6500C6E593 /* Release */,
			);
			defaultConfigurationIsVisible = 0;
			defaultConfigurationName = Release;
		};
		670E57DD200B7A6500C6E593 /* Build configuration list for PBXNativeTarget "Social" */ = {
			isa = XCConfigurationList;
			buildConfigurations = (
				670E57DE200B7A6500C6E593 /* Debug */,
				670E57DF200B7A6500C6E593 /* Release */,
			);
			defaultConfigurationIsVisible = 0;
			defaultConfigurationName = Release;
		};
		670E57E0200B7A6500C6E593 /* Build configuration list for PBXNativeTarget "SocialTests" */ = {
			isa = XCConfigurationList;
			buildConfigurations = (
				670E57E1200B7A6500C6E593 /* Debug */,
				670E57E2200B7A6500C6E593 /* Release */,
			);
			defaultConfigurationIsVisible = 0;
			defaultConfigurationName = Release;
		};
		670E57E3200B7A6500C6E593 /* Build configuration list for PBXNativeTarget "SocialUITests" */ = {
			isa = XCConfigurationList;
			buildConfigurations = (
				670E57E4200B7A6500C6E593 /* Debug */,
				670E57E5200B7A6500C6E593 /* Release */,
			);
			defaultConfigurationIsVisible = 0;
			defaultConfigurationName = Release;
		};
/* End XCConfigurationList section */
	};
	rootObject = 670E57A9200B7A6500C6E593 /* Project object */;
}
